
Microsoft Visual Studio Solution File, Format Version 12.00
# Visual Studio Version 16
VisualStudioVersion = 16.0.31729.503
MinimumVisualStudioVersion = 10.0.40219.1
Project("{888888A0-9F3D-457C-B088-3A5042F75D52}") = "144_Aldea_Alexia_Elena_2", "144_Aldea_Alexia_Elena_2.pyproj", "{6507319E-2388-42FA-893C-A1A2835D3564}"
EndProject
Global
	GlobalSection(SolutionConfigurationPlatforms) = preSolution
		Debug|Any CPU = Debug|Any CPU
		Release|Any CPU = Release|Any CPU
	EndGlobalSection
	GlobalSection(ProjectConfigurationPlatforms) = postSolution
		{6507319E-2388-42FA-893C-A1A2835D3564}.Debug|Any CPU.ActiveCfg = Debug|Any CPU
		{6507319E-2388-42FA-893C-A1A2835D3564}.Release|Any CPU.ActiveCfg = Release|Any CPU
	EndGlobalSection
	GlobalSection(SolutionProperties) = preSolution
		HideSolutionNode = FALSE
	EndGlobalSection
	GlobalSection(ExtensibilityGlobals) = postSolution
		SolutionGuid = {59F1C376-F1E1-4C55-81BC-6B9AAA93D182}
	EndGlobalSection
EndGlobal
