
Microsoft Visual Studio Solution File, Format Version 12.00
# Visual Studio Version 16
VisualStudioVersion = 16.0.31729.503
MinimumVisualStudioVersion = 10.0.40219.1
Project("{888888A0-9F3D-457C-B088-3A5042F75D52}") = "model_subiect_laborator", "model_subiect_laborator.pyproj", "{3B32F76A-735B-4806-9581-FAC55AAF7178}"
EndProject
Global
	GlobalSection(SolutionConfigurationPlatforms) = preSolution
		Debug|Any CPU = Debug|Any CPU
		Release|Any CPU = Release|Any CPU
	EndGlobalSection
	GlobalSection(ProjectConfigurationPlatforms) = postSolution
		{3B32F76A-735B-4806-9581-FAC55AAF7178}.Debug|Any CPU.ActiveCfg = Debug|Any CPU
		{3B32F76A-735B-4806-9581-FAC55AAF7178}.Release|Any CPU.ActiveCfg = Release|Any CPU
	EndGlobalSection
	GlobalSection(SolutionProperties) = preSolution
		HideSolutionNode = FALSE
	EndGlobalSection
	GlobalSection(ExtensibilityGlobals) = postSolution
		SolutionGuid = {7FF45067-611F-4F40-A5E6-8AFE877747A1}
	EndGlobalSection
EndGlobal
